
Microsoft Visual Studio Solution File, Format Version 12.00
# Visual Studio Version 17
VisualStudioVersion = 17.8.34330.188
MinimumVisualStudioVersion = 10.0.40219.1
Project("{FAE04EC0-301F-11D3-BF4B-00C04F79EFBC}") = "Lesson-1", "Lesson-1\Lesson-1.csproj", "{ED1B701D-BC43-4B7A-A1D9-FE2BA3E06710}"
EndProject
Global
	GlobalSection(SolutionConfigurationPlatforms) = preSolution
		Debug|Any CPU = Debug|Any CPU
		Release|Any CPU = Release|Any CPU
	EndGlobalSection
	GlobalSection(ProjectConfigurationPlatforms) = postSolution
		{ED1B701D-BC43-4B7A-A1D9-FE2BA3E06710}.Debug|Any CPU.ActiveCfg = Debug|Any CPU
		{ED1B701D-BC43-4B7A-A1D9-FE2BA3E06710}.Debug|Any CPU.Build.0 = Debug|Any CPU
		{ED1B701D-BC43-4B7A-A1D9-FE2BA3E06710}.Release|Any CPU.ActiveCfg = Release|Any CPU
		{ED1B701D-BC43-4B7A-A1D9-FE2BA3E06710}.Release|Any CPU.Build.0 = Release|Any CPU
	EndGlobalSection
	GlobalSection(SolutionProperties) = preSolution
		HideSolutionNode = FALSE
	EndGlobalSection
	GlobalSection(ExtensibilityGlobals) = postSolution
		SolutionGuid = {A905E3AE-3E23-431B-9D59-0ADC5B4B394A}
	EndGlobalSection
EndGlobal
